
Microsoft Visual Studio Solution File, Format Version 12.00
# Visual Studio Version 16
VisualStudioVersion = 16.0.30804.86
MinimumVisualStudioVersion = 10.0.40219.1
Project("{FAE04EC0-301F-11D3-BF4B-00C04F79EFBC}") = "monte-carlo-pi-approximation", "monte-carlo-pi-approximation\monte-carlo-pi-approximation.csproj", "{3FD71517-BC0C-421A-A155-0D574210DB19}"
EndProject
Project("{2150E333-8FDC-42A3-9474-1A3956D46DE8}") = "Solution Items", "Solution Items", "{BFC6A68A-E4C1-4B84-A21A-670B303DA1E2}"
	ProjectSection(SolutionItems) = preProject
		.editorconfig = .editorconfig
	EndProjectSection
EndProject
Project("{FAE04EC0-301F-11D3-BF4B-00C04F79EFBC}") = "UnitTests", "UnitTests\UnitTests.csproj", "{554B7B8C-A618-4299-9411-E9612E17488C}"
EndProject
Project("{54435603-DBB4-11D2-8724-00A0C9A8B90C}") = "Monte Carlo Pi Approximation Setup", "Monte Carlo Pi Approximation Setup\Monte Carlo Pi Approximation Setup.vdproj", "{902DB222-4B58-460B-A2B6-BD552559EA0D}"
EndProject
Global
	GlobalSection(SolutionConfigurationPlatforms) = preSolution
		Debug|Any CPU = Debug|Any CPU
		Release|Any CPU = Release|Any CPU
	EndGlobalSection
	GlobalSection(ProjectConfigurationPlatforms) = postSolution
		{3FD71517-BC0C-421A-A155-0D574210DB19}.Debug|Any CPU.ActiveCfg = Debug|Any CPU
		{3FD71517-BC0C-421A-A155-0D574210DB19}.Debug|Any CPU.Build.0 = Debug|Any CPU
		{3FD71517-BC0C-421A-A155-0D574210DB19}.Release|Any CPU.ActiveCfg = Release|Any CPU
		{3FD71517-BC0C-421A-A155-0D574210DB19}.Release|Any CPU.Build.0 = Release|Any CPU
		{554B7B8C-A618-4299-9411-E9612E17488C}.Debug|Any CPU.ActiveCfg = Debug|Any CPU
		{554B7B8C-A618-4299-9411-E9612E17488C}.Debug|Any CPU.Build.0 = Debug|Any CPU
		{554B7B8C-A618-4299-9411-E9612E17488C}.Release|Any CPU.ActiveCfg = Release|Any CPU
		{554B7B8C-A618-4299-9411-E9612E17488C}.Release|Any CPU.Build.0 = Release|Any CPU
		{902DB222-4B58-460B-A2B6-BD552559EA0D}.Debug|Any CPU.ActiveCfg = Debug
		{902DB222-4B58-460B-A2B6-BD552559EA0D}.Release|Any CPU.ActiveCfg = Release
	EndGlobalSection
	GlobalSection(SolutionProperties) = preSolution
		HideSolutionNode = FALSE
	EndGlobalSection
	GlobalSection(ExtensibilityGlobals) = postSolution
		SolutionGuid = {6F38359C-585D-4AEE-8681-F426B2FF0A6C}
	EndGlobalSection
EndGlobal
